# THIS IS AN AUTOGENERATED FILE. DO NOT EDIT THIS FILE DIRECTLY.
# yarn lockfile v1


typeit@^8.4.0:
  version "8.4.0"
  resolved "https://registry.yarnpkg.com/typeit/-/typeit-8.4.0.tgz#d80bbd2c183ed67c82e8d9d38dd7ffd190fb50ca"
  integrity sha512-JQgzsGm795710v9PN61GjNSLjJBgiNmUAOnGWklATdfftZtsUJMOcjhal6t6szU8kwcqdcYRG82kRG2WbqYzaw==
